// !$*UTF8*$!
{
	archiveVersion = 1;
	classes = {
	};
	objectVersion = 55;
	objects = {

/* Begin PBXBuildFile section */
		963C2DC7277B9C08000BE6A3 /* weatherButton.swift in Sources */ = {isa = PBXBuildFile; fileRef = 963C2DC6277B9C08000BE6A3 /* weatherButton.swift */; };
		9668F1B02779082A00CE6485 /* WeatherCheckAppApp.swift in Sources */ = {isa = PBXBuildFile; fileRef = 9668F1AF2779082A00CE6485 /* WeatherCheckAppApp.swift */; };
		9668F1B22779082A00CE6485 /* ContentView.swift in Sources */ = {isa = PBXBuildFile; fileRef = 9668F1B12779082A00CE6485 /* ContentView.swift */; };
		9668F1B42779082C00CE6485 /* Assets.xcassets in Resources */ = {isa = PBXBuildFile; fileRef = 9668F1B32779082C00CE6485 /* Assets.xcassets */; };
		9668F1B72779082C00CE6485 /* Preview Assets.xcassets in Resources */ = {isa = PBXBuildFile; fileRef = 9668F1B62779082C00CE6485 /* Preview Assets.xcassets */; };
		9668F1C12779082D00CE6485 /* WeatherCheckAppTests.swift in Sources */ = {isa = PBXBuildFile; fileRef = 9668F1C02779082D00CE6485 /* WeatherCheckAppTests.swift */; };
		9668F1CB2779082D00CE6485 /* WeatherCheckAppUITests.swift in Sources */ = {isa = PBXBuildFile; fileRef = 9668F1CA2779082D00CE6485 /* WeatherCheckAppUITests.swift */; };
		9668F1CD2779082D00CE6485 /* WeatherCheckAppUITestsLaunchTests.swift in Sources */ = {isa = PBXBuildFile; fileRef = 9668F1CC2779082D00CE6485 /* WeatherCheckAppUITestsLaunchTests.swift */; };
/* End PBXBuildFile section */

/* Begin PBXContainerItemProxy section */
		9668F1BD2779082D00CE6485 /* PBXContainerItemProxy */ = {
			isa = PBXContainerItemProxy;
			containerPortal = 9668F1A42779082A00CE6485 /* Project object */;
			proxyType = 1;
			remoteGlobalIDString = 9668F1AB2779082A00CE6485;
			remoteInfo = WeatherCheckApp;
		};
		9668F1C72779082D00CE6485 /* PBXContainerItemProxy */ = {
			isa = PBXContainerItemProxy;
			containerPortal = 9668F1A42779082A00CE6485 /* Project object */;
			proxyType = 1;
			remoteGlobalIDString = 9668F1AB2779082A00CE6485;
			remoteInfo = WeatherCheckApp;
		};
/* End PBXContainerItemProxy section */

/* Begin PBXFileReference section */
		963C2DC6277B9C08000BE6A3 /* weatherButton.swift */ = {isa = PBXFileReference; lastKnownFileType = sourcecode.swift; path = weatherButton.swift; sourceTree = "<group>"; };
		9668F1AC2779082A00CE6485 /* WeatherCheckApp.app */ = {isa = PBXFileReference; explicitFileType = wrapper.application; includeInIndex = 0; path = WeatherCheckApp.app; sourceTree = BUILT_PRODUCTS_DIR; };
		9668F1AF2779082A00CE6485 /* WeatherCheckAppApp.swift */ = {isa = PBXFileReference; lastKnownFileType = sourcecode.swift; path = WeatherCheckAppApp.swift; sourceTree = "<group>"; };
		9668F1B12779082A00CE6485 /* ContentView.swift */ = {isa = PBXFileReference; lastKnownFileType = sourcecode.swift; path = ContentView.swift; sourceTree = "<group>"; };
		9668F1B32779082C00CE6485 /* Assets.xcassets */ = {isa = PBXFileReference; lastKnownFileType = folder.assetcatalog; path = Assets.xcassets; sourceTree = "<group>"; };
		9668F1B62779082C00CE6485 /* Preview Assets.xcassets */ = {isa = PBXFileReference; lastKnownFileType = folder.assetcatalog; path = "Preview Assets.xcassets"; sourceTree = "<group>"; };
		9668F1BC2779082D00CE6485 /* WeatherCheckAppTests.xctest */ = {isa = PBXFileReference; explicitFileType = wrapper.cfbundle; includeInIndex = 0; path = WeatherCheckAppTests.xctest; sourceTree = BUILT_PRODUCTS_DIR; };
		9668F1C02779082D00CE6485 /* WeatherCheckAppTests.swift */ = {isa = PBXFileReference; lastKnownFileType = sourcecode.swift; path = WeatherCheckAppTests.swift; sourceTree = "<group>"; };
		9668F1C62779082D00CE6485 /* WeatherCheckAppUITests.xctest */ = {isa = PBXFileReference; explicitFileType = wrapper.cfbundle; includeInIndex = 0; path = WeatherCheckAppUITests.xctest; sourceTree = BUILT_PRODUCTS_DIR; };
		9668F1CA2779082D00CE6485 /* WeatherCheckAppUITests.swift */ = {isa = PBXFileReference; lastKnownFileType = sourcecode.swift; path = WeatherCheckAppUITests.swift; sourceTree = "<group>"; };
		9668F1CC2779082D00CE6485 /* WeatherCheckAppUITestsLaunchTests.swift */ = {isa = PBXFileReference; lastKnownFileType = sourcecode.swift; path = WeatherCheckAppUITestsLaunchTests.swift; sourceTree = "<group>"; };
/* End PBXFileReference section */

/* Begin PBXFrameworksBuildPhase section */
		9668F1A92779082A00CE6485 /* Frameworks */ = {
			isa = PBXFrameworksBuildPhase;
			buildActionMask = 2147483647;
			files = (
			);
			runOnlyForDeploymentPostprocessing = 0;
		};
		9668F1B92779082D00CE6485 /* Frameworks */ = {
			isa = PBXFrameworksBuildPhase;
			buildActionMask = 2147483647;
			files = (
			);
			runOnlyForDeploymentPostprocessing = 0;
		};
		9668F1C32779082D00CE6485 /* Frameworks */ = {
			isa = PBXFrameworksBuildPhase;
			buildActionMask = 2147483647;
			files = (
			);
			runOnlyForDeploymentPostprocessing = 0;
		};
/* End PBXFrameworksBuildPhase section */

/* Begin PBXGroup section */
		9668F1A32779082A00CE6485 = {
			isa = PBXGroup;
			children = (
				9668F1AE2779082A00CE6485 /* WeatherCheckApp */,
				9668F1BF2779082D00CE6485 /* WeatherCheckAppTests */,
				9668F1C92779082D00CE6485 /* WeatherCheckAppUITests */,
				9668F1AD2779082A00CE6485 /* Products */,
			);
			sourceTree = "<group>";
		};
		9668F1AD2779082A00CE6485 /* Products */ = {
			isa = PBXGroup;
			children = (
				9668F1AC2779082A00CE6485 /* WeatherCheckApp.app */,
				9668F1BC2779082D00CE6485 /* WeatherCheckAppTests.xctest */,
				9668F1C62779082D00CE6485 /* WeatherCheckAppUITests.xctest */,
			);
			name = Products;
			sourceTree = "<group>";
		};
		9668F1AE2779082A00CE6485 /* WeatherCheckApp */ = {
			isa = PBXGroup;
			children = (
				9668F1AF2779082A00CE6485 /* WeatherCheckAppApp.swift */,
				9668F1B12779082A00CE6485 /* ContentView.swift */,
				9668F1B32779082C00CE6485 /* Assets.xcassets */,
				9668F1B52779082C00CE6485 /* Preview Content */,
				963C2DC6277B9C08000BE6A3 /* weatherButton.swift */,
			);
			path = WeatherCheckApp;
			sourceTree = "<group>";
		};
		9668F1B52779082C00CE6485 /* Preview Content */ = {
			isa = PBXGroup;
			children = (
				9668F1B62779082C00CE6485 /* Preview Assets.xcassets */,
			);
			path = "Preview Content";
			sourceTree = "<group>";
		};
		9668F1BF2779082D00CE6485 /* WeatherCheckAppTests */ = {
			isa = PBXGroup;
			children = (
				9668F1C02779082D00CE6485 /* WeatherCheckAppTests.swift */,
			);
			path = WeatherCheckAppTests;
			sourceTree = "<group>";
		};
		9668F1C92779082D00CE6485 /* WeatherCheckAppUITests */ = {
			isa = PBXGroup;
			children = (
				9668F1CA2779082D00CE6485 /* WeatherCheckAppUITests.swift */,
				9668F1CC2779082D00CE6485 /* WeatherCheckAppUITestsLaunchTests.swift */,
			);
			path = WeatherCheckAppUITests;
			sourceTree = "<group>";
		};
/* End PBXGroup section */

/* Begin PBXNativeTarget section */
		9668F1AB2779082A00CE6485 /* WeatherCheckApp */ = {
			isa = PBXNativeTarget;
			buildConfigurationList = 9668F1D02779082D00CE6485 /* Build configuration list for PBXNativeTarget "WeatherCheckApp" */;
			buildPhases = (
				9668F1A82779082A00CE6485 /* Sources */,
				9668F1A92779082A00CE6485 /* Frameworks */,
				9668F1AA2779082A00CE6485 /* Resources */,
			);
			buildRules = (
			);
			dependencies = (
			);
			name = WeatherCheckApp;
			productName = WeatherCheckApp;
			productReference = 9668F1AC2779082A00CE6485 /* WeatherCheckApp.app */;
			productType = "com.apple.product-type.application";
		};
		9668F1BB2779082D00CE6485 /* WeatherCheckAppTests */ = {
			isa = PBXNativeTarget;
			buildConfigurationList = 9668F1D32779082D00CE6485 /* Build configuration list for PBXNativeTarget "WeatherCheckAppTests" */;
			buildPhases = (
				9668F1B82779082D00CE6485 /* Sources */,
				9668F1B92779082D00CE6485 /* Frameworks */,
				9668F1BA2779082D00CE6485 /* Resources */,
			);
			buildRules = (
			);
			dependencies = (
				9668F1BE2779082D00CE6485 /* PBXTargetDependency */,
			);
			name = WeatherCheckAppTests;
			productName = WeatherCheckAppTests;
			productReference = 9668F1BC2779082D00CE6485 /* WeatherCheckAppTests.xctest */;
			productType = "com.apple.product-type.bundle.unit-test";
		};
		9668F1C52779082D00CE6485 /* WeatherCheckAppUITests */ = {
			isa = PBXNativeTarget;
			buildConfigurationList = 9668F1D62779082D00CE6485 /* Build configuration list for PBXNativeTarget "WeatherCheckAppUITests" */;
			buildPhases = (
				9668F1C22779082D00CE6485 /* Sources */,
				9668F1C32779082D00CE6485 /* Frameworks */,
				9668F1C42779082D00CE6485 /* Resources */,
			);
			buildRules = (
			);
			dependencies = (
				9668F1C82779082D00CE6485 /* PBXTargetDependency */,
			);
			name = WeatherCheckAppUITests;
			productName = WeatherCheckAppUITests;
			productReference = 9668F1C62779082D00CE6485 /* WeatherCheckAppUITests.xctest */;
			productType = "com.apple.product-type.bundle.ui-testing";
		};
/* End PBXNativeTarget section */

/* Begin PBXProject section */
		9668F1A42779082A00CE6485 /* Project object */ = {
			isa = PBXProject;
			attributes = {
				BuildIndependentTargetsInParallel = 1;
				LastSwiftUpdateCheck = 1320;
				LastUpgradeCheck = 1320;
				TargetAttributes = {
					9668F1AB2779082A00CE6485 = {
						CreatedOnToolsVersion = 13.2.1;
					};
					9668F1BB2779082D00CE6485 = {
						CreatedOnToolsVersion = 13.2.1;
						TestTargetID = 9668F1AB2779082A00CE6485;
					};
					9668F1C52779082D00CE6485 = {
						CreatedOnToolsVersion = 13.2.1;
						TestTargetID = 9668F1AB2779082A00CE6485;
					};
				};
			};
			buildConfigurationList = 9668F1A72779082A00CE6485 /* Build configuration list for PBXProject "WeatherCheckApp" */;
			compatibilityVersion = "Xcode 13.0";
			developmentRegion = en;
			hasScannedForEncodings = 0;
			knownRegions = (
				en,
				Base,
			);
			mainGroup = 9668F1A32779082A00CE6485;
			productRefGroup = 9668F1AD2779082A00CE6485 /* Products */;
			projectDirPath = "";
			projectRoot = "";
			targets = (
				9668F1AB2779082A00CE6485 /* WeatherCheckApp */,
				9668F1BB2779082D00CE6485 /* WeatherCheckAppTests */,
				9668F1C52779082D00CE6485 /* WeatherCheckAppUITests */,
			);
		};
/* End PBXProject section */

/* Begin PBXResourcesBuildPhase section */
		9668F1AA2779082A00CE6485 /* Resources */ = {
			isa = PBXResourcesBuildPhase;
			buildActionMask = 2147483647;
			files = (
				9668F1B72779082C00CE6485 /* Preview Assets.xcassets in Resources */,
				9668F1B42779082C00CE6485 /* Assets.xcassets in Resources */,
			);
			runOnlyForDeploymentPostprocessing = 0;
		};
		9668F1BA2779082D00CE6485 /* Resources */ = {
			isa = PBXResourcesBuildPhase;
			buildActionMask = 2147483647;
			files = (
			);
			runOnlyForDeploymentPostprocessing = 0;
		};
		9668F1C42779082D00CE6485 /* Resources */ = {
			isa = PBXResourcesBuildPhase;
			buildActionMask = 2147483647;
			files = (
			);
			runOnlyForDeploymentPostprocessing = 0;
		};
/* End PBXResourcesBuildPhase section */

/* Begin PBXSourcesBuildPhase section */
		9668F1A82779082A00CE6485 /* Sources */ = {
			isa = PBXSourcesBuildPhase;
			buildActionMask = 2147483647;
			files = (
				963C2DC7277B9C08000BE6A3 /* weatherButton.swift in Sources */,
				9668F1B22779082A00CE6485 /* ContentView.swift in Sources */,
				9668F1B02779082A00CE6485 /* WeatherCheckAppApp.swift in Sources */,
			);
			runOnlyForDeploymentPostprocessing = 0;
		};
		9668F1B82779082D00CE6485 /* Sources */ = {
			isa = PBXSourcesBuildPhase;
			buildActionMask = 2147483647;
			files = (
				9668F1C12779082D00CE6485 /* WeatherCheckAppTests.swift in Sources */,
			);
			runOnlyForDeploymentPostprocessing = 0;
		};
		9668F1C22779082D00CE6485 /* Sources */ = {
			isa = PBXSourcesBuildPhase;
			buildActionMask = 2147483647;
			files = (
				9668F1CD2779082D00CE6485 /* WeatherCheckAppUITestsLaunchTests.swift in Sources */,
				9668F1CB2779082D00CE6485 /* WeatherCheckAppUITests.swift in Sources */,
			);
			runOnlyForDeploymentPostprocessing = 0;
		};
/* End PBXSourcesBuildPhase section */

/* Begin PBXTargetDependency section */
		9668F1BE2779082D00CE6485 /* PBXTargetDependency */ = {
			isa = PBXTargetDependency;
			target = 9668F1AB2779082A00CE6485 /* WeatherCheckApp */;
			targetProxy = 9668F1BD2779082D00CE6485 /* PBXContainerItemProxy */;
		};
		9668F1C82779082D00CE6485 /* PBXTargetDependency */ = {
			isa = PBXTargetDependency;
			target = 9668F1AB2779082A00CE6485 /* WeatherCheckApp */;
			targetProxy = 9668F1C72779082D00CE6485 /* PBXContainerItemProxy */;
		};
/* End PBXTargetDependency section */

/* Begin XCBuildConfiguration section */
		9668F1CE2779082D00CE6485 /* Debug */ = {
			isa = XCBuildConfiguration;
			buildSettings = {
				ALWAYS_SEARCH_USER_PATHS = NO;
				CLANG_ANALYZER_NONNULL = YES;
				CLANG_ANALYZER_NUMBER_OBJECT_CONVERSION = YES_AGGRESSIVE;
				CLANG_CXX_LANGUAGE_STANDARD = "gnu++17";
				CLANG_CXX_LIBRARY = "libc++";
				CLANG_ENABLE_MODULES = YES;
				CLANG_ENABLE_OBJC_ARC = YES;
				CLANG_ENABLE_OBJC_WEAK = YES;
				CLANG_WARN_BLOCK_CAPTURE_AUTORELEASING = YES;
				CLANG_WARN_BOOL_CONVERSION = YES;
				CLANG_WARN_COMMA = YES;
				CLANG_WARN_CONSTANT_CONVERSION = YES;
				CLANG_WARN_DEPRECATED_OBJC_IMPLEMENTATIONS = YES;
				CLANG_WARN_DIRECT_OBJC_ISA_USAGE = YES_ERROR;
				CLANG_WARN_DOCUMENTATION_COMMENTS = YES;
				CLANG_WARN_EMPTY_BODY = YES;
				CLANG_WARN_ENUM_CONVERSION = YES;
				CLANG_WARN_INFINITE_RECURSION = YES;
				CLANG_WARN_INT_CONVERSION = YES;
				CLANG_WARN_NON_LITERAL_NULL_CONVERSION = YES;
				CLANG_WARN_OBJC_IMPLICIT_RETAIN_SELF = YES;
				CLANG_WARN_OBJC_LITERAL_CONVERSION = YES;
				CLANG_WARN_OBJC_ROOT_CLASS = YES_ERROR;
				CLANG_WARN_QUOTED_INCLUDE_IN_FRAMEWORK_HEADER = YES;
				CLANG_WARN_RANGE_LOOP_ANALYSIS = YES;
				CLANG_WARN_STRICT_PROTOTYPES = YES;
				CLANG_WARN_SUSPICIOUS_MOVE = YES;
				CLANG_WARN_UNGUARDED_AVAILABILITY = YES_AGGRESSIVE;
				CLANG_WARN_UNREACHABLE_CODE = YES;
				CLANG_WARN__DUPLICATE_METHOD_MATCH = YES;
				COPY_PHASE_STRIP = NO;
				DEBUG_INFORMATION_FORMAT = dwarf;
				ENABLE_STRICT_OBJC_MSGSEND = YES;
				ENABLE_TESTABILITY = YES;
				GCC_C_LANGUAGE_STANDARD = gnu11;
				GCC_DYNAMIC_NO_PIC = NO;
				GCC_NO_COMMON_BLOCKS = YES;
				GCC_OPTIMIZATION_LEVEL = 0;
				GCC_PREPROCESSOR_DEFINITIONS = (
					"DEBUG=1",
					"$(inherited)",
				);
				GCC_WARN_64_TO_32_BIT_CONVERSION = YES;
				GCC_WARN_ABOUT_RETURN_TYPE = YES_ERROR;
				GCC_WARN_UNDECLARED_SELECTOR = YES;
				GCC_WARN_UNINITIALIZED_AUTOS = YES_AGGRESSIVE;
				GCC_WARN_UNUSED_FUNCTION = YES;
				GCC_WARN_UNUSED_VARIABLE = YES;
				IPHONEOS_DEPLOYMENT_TARGET = 15.2;
				MTL_ENABLE_DEBUG_INFO = INCLUDE_SOURCE;
				MTL_FAST_MATH = YES;
				ONLY_ACTIVE_ARCH = YES;
				SDKROOT = iphoneos;
				SWIFT_ACTIVE_COMPILATION_CONDITIONS = DEBUG;
				SWIFT_OPTIMIZATION_LEVEL = "-Onone";
			};
			name = Debug;
		};
		9668F1CF2779082D00CE6485 /* Release */ = {
			isa = XCBuildConfiguration;
			buildSettings = {
				ALWAYS_SEARCH_USER_PATHS = NO;
				CLANG_ANALYZER_NONNULL = YES;
				CLANG_ANALYZER_NUMBER_OBJECT_CONVERSION = YES_AGGRESSIVE;
				CLANG_CXX_LANGUAGE_STANDARD = "gnu++17";
				CLANG_CXX_LIBRARY = "libc++";
				CLANG_ENABLE_MODULES = YES;
				CLANG_ENABLE_OBJC_ARC = YES;
				CLANG_ENABLE_OBJC_WEAK = YES;
				CLANG_WARN_BLOCK_CAPTURE_AUTORELEASING = YES;
				CLANG_WARN_BOOL_CONVERSION = YES;
				CLANG_WARN_COMMA = YES;
				CLANG_WARN_CONSTANT_CONVERSION = YES;
				CLANG_WARN_DEPRECATED_OBJC_IMPLEMENTATIONS = YES;
				CLANG_WARN_DIRECT_OBJC_ISA_USAGE = YES_ERROR;
				CLANG_WARN_DOCUMENTATION_COMMENTS = YES;
				CLANG_WARN_EMPTY_BODY = YES;
				CLANG_WARN_ENUM_CONVERSION = YES;
				CLANG_WARN_INFINITE_RECURSION = YES;
				CLANG_WARN_INT_CONVERSION = YES;
				CLANG_WARN_NON_LITERAL_NULL_CONVERSION = YES;
				CLANG_WARN_OBJC_IMPLICIT_RETAIN_SELF = YES;
				CLANG_WARN_OBJC_LITERAL_CONVERSION = YES;
				CLANG_WARN_OBJC_ROOT_CLASS = YES_ERROR;
				CLANG_WARN_QUOTED_INCLUDE_IN_FRAMEWORK_HEADER = YES;
				CLANG_WARN_RANGE_LOOP_ANALYSIS = YES;
				CLANG_WARN_STRICT_PROTOTYPES = YES;
				CLANG_WARN_SUSPICIOUS_MOVE = YES;
				CLANG_WARN_UNGUARDED_AVAILABILITY = YES_AGGRESSIVE;
				CLANG_WARN_UNREACHABLE_CODE = YES;
				CLANG_WARN__DUPLICATE_METHOD_MATCH = YES;
				COPY_PHASE_STRIP = NO;
				DEBUG_INFORMATION_FORMAT = "dwarf-with-dsym";
				ENABLE_NS_ASSERTIONS = NO;
				ENABLE_STRICT_OBJC_MSGSEND = YES;
				GCC_C_LANGUAGE_STANDARD = gnu11;
				GCC_NO_COMMON_BLOCKS = YES;
				GCC_WARN_64_TO_32_BIT_CONVERSION = YES;
				GCC_WARN_ABOUT_RETURN_TYPE = YES_ERROR;
				GCC_WARN_UNDECLARED_SELECTOR = YES;
				GCC_WARN_UNINITIALIZED_AUTOS = YES_AGGRESSIVE;
				GCC_WARN_UNUSED_FUNCTION = YES;
				GCC_WARN_UNUSED_VARIABLE = YES;
				IPHONEOS_DEPLOYMENT_TARGET = 15.2;
				MTL_ENABLE_DEBUG_INFO = NO;
				MTL_FAST_MATH = YES;
				SDKROOT = iphoneos;
				SWIFT_COMPILATION_MODE = wholemodule;
				SWIFT_OPTIMIZATION_LEVEL = "-O";
				VALIDATE_PRODUCT = YES;
			};
			name = Release;
		};
		9668F1D12779082D00CE6485 /* Debug */ = {
			isa = XCBuildConfiguration;
			buildSettings = {
				ASSETCATALOG_COMPILER_APPICON_NAME = AppIcon;
				ASSETCATALOG_COMPILER_GLOBAL_ACCENT_COLOR_NAME = AccentColor;
				CODE_SIGN_STYLE = Automatic;
				CURRENT_PROJECT_VERSION = 1;
				DEVELOPMENT_ASSET_PATHS = "\"WeatherCheckApp/Preview Content\"";
				DEVELOPMENT_TEAM = 8P8C6NP4KZ;
				ENABLE_PREVIEWS = YES;
				GENERATE_INFOPLIST_FILE = YES;
				INFOPLIST_KEY_UIApplicationSceneManifest_Generation = YES;
				INFOPLIST_KEY_UIApplicationSupportsIndirectInputEvents = YES;
				INFOPLIST_KEY_UILaunchScreen_Generation = YES;
				INFOPLIST_KEY_UISupportedInterfaceOrientations_iPad = "UIInterfaceOrientationPortrait UIInterfaceOrientationPortraitUpsideDown UIInterfaceOrientationLandscapeLeft UIInterfaceOrientationLandscapeRight";
				INFOPLIST_KEY_UISupportedInterfaceOrientations_iPhone = "UIInterfaceOrientationPortrait UIInterfaceOrientationLandscapeLeft UIInterfaceOrientationLandscapeRight";
				IPHONEOS_DEPLOYMENT_TARGET = 15.2;
				LD_RUNPATH_SEARCH_PATHS = (
					"$(inherited)",
					"@executable_path/Frameworks",
				);
				MARKETING_VERSION = 1.0;
				PRODUCT_BUNDLE_IDENTIFIER = io.FedericoMoretta.WeatherCheckApp;
				PRODUCT_NAME = "$(TARGET_NAME)";
				SWIFT_EMIT_LOC_STRINGS = YES;
				SWIFT_VERSION = 5.0;
				TARGETED_DEVICE_FAMILY = "1,2";
			};
			name = Debug;
		};
		9668F1D22779082D00CE6485 /* Release */ = {
			isa = XCBuildConfiguration;
			buildSettings = {
				ASSETCATALOG_COMPILER_APPICON_NAME = AppIcon;
				ASSETCATALOG_COMPILER_GLOBAL_ACCENT_COLOR_NAME = AccentColor;
				CODE_SIGN_STYLE = Automatic;
				CURRENT_PROJECT_VERSION = 1;
				DEVELOPMENT_ASSET_PATHS = "\"WeatherCheckApp/Preview Content\"";
				DEVELOPMENT_TEAM = 8P8C6NP4KZ;
				ENABLE_PREVIEWS = YES;
				GENERATE_INFOPLIST_FILE = YES;
				INFOPLIST_KEY_UIApplicationSceneManifest_Generation = YES;
				INFOPLIST_KEY_UIApplicationSupportsIndirectInputEvents = YES;
				INFOPLIST_KEY_UILaunchScreen_Generation = YES;
				INFOPLIST_KEY_UISupportedInterfaceOrientations_iPad = "UIInterfaceOrientationPortrait UIInterfaceOrientationPortraitUpsideDown UIInterfaceOrientationLandscapeLeft UIInterfaceOrientationLandscapeRight";
				INFOPLIST_KEY_UISupportedInterfaceOrientations_iPhone = "UIInterfaceOrientationPortrait UIInterfaceOrientationLandscapeLeft UIInterfaceOrientationLandscapeRight";
				IPHONEOS_DEPLOYMENT_TARGET = 15.2;
				LD_RUNPATH_SEARCH_PATHS = (
					"$(inherited)",
					"@executable_path/Frameworks",
				);
				MARKETING_VERSION = 1.0;
				PRODUCT_BUNDLE_IDENTIFIER = io.FedericoMoretta.WeatherCheckApp;
				PRODUCT_NAME = "$(TARGET_NAME)";
				SWIFT_EMIT_LOC_STRINGS = YES;
				SWIFT_VERSION = 5.0;
				TARGETED_DEVICE_FAMILY = "1,2";
			};
			name = Release;
		};
		9668F1D42779082D00CE6485 /* Debug */ = {
			isa = XCBuildConfiguration;
			buildSettings = {
				ALWAYS_EMBED_SWIFT_STANDARD_LIBRARIES = YES;
				BUNDLE_LOADER = "$(TEST_HOST)";
				CODE_SIGN_STYLE = Automatic;
				CURRENT_PROJECT_VERSION = 1;
				DEVELOPMENT_TEAM = 8P8C6NP4KZ;
				GENERATE_INFOPLIST_FILE = YES;
				IPHONEOS_DEPLOYMENT_TARGET = 15.2;
				MARKETING_VERSION = 1.0;
				PRODUCT_BUNDLE_IDENTIFIER = io.FedericoMoretta.WeatherCheckAppTests;
				PRODUCT_NAME = "$(TARGET_NAME)";
				SWIFT_EMIT_LOC_STRINGS = NO;
				SWIFT_VERSION = 5.0;
				TARGETED_DEVICE_FAMILY = "1,2";
				TEST_HOST = "$(BUILT_PRODUCTS_DIR)/WeatherCheckApp.app/WeatherCheckApp";
			};
			name = Debug;
		};
		9668F1D52779082D00CE6485 /* Release */ = {
			isa = XCBuildConfiguration;
			buildSettings = {
				ALWAYS_EMBED_SWIFT_STANDARD_LIBRARIES = YES;
				BUNDLE_LOADER = "$(TEST_HOST)";
				CODE_SIGN_STYLE = Automatic;
				CURRENT_PROJECT_VERSION = 1;
				DEVELOPMENT_TEAM = 8P8C6NP4KZ;
				GENERATE_INFOPLIST_FILE = YES;
				IPHONEOS_DEPLOYMENT_TARGET = 15.2;
				MARKETING_VERSION = 1.0;
				PRODUCT_BUNDLE_IDENTIFIER = io.FedericoMoretta.WeatherCheckAppTests;
				PRODUCT_NAME = "$(TARGET_NAME)";
				SWIFT_EMIT_LOC_STRINGS = NO;
				SWIFT_VERSION = 5.0;
				TARGETED_DEVICE_FAMILY = "1,2";
				TEST_HOST = "$(BUILT_PRODUCTS_DIR)/WeatherCheckApp.app/WeatherCheckApp";
			};
			name = Release;
		};
		9668F1D72779082D00CE6485 /* Debug */ = {
			isa = XCBuildConfiguration;
			buildSettings = {
				ALWAYS_EMBED_SWIFT_STANDARD_LIBRARIES = YES;
				CODE_SIGN_STYLE = Automatic;
				CURRENT_PROJECT_VERSION = 1;
				DEVELOPMENT_TEAM = 8P8C6NP4KZ;
				GENERATE_INFOPLIST_FILE = YES;
				MARKETING_VERSION = 1.0;
				PRODUCT_BUNDLE_IDENTIFIER = io.FedericoMoretta.WeatherCheckAppUITests;
				PRODUCT_NAME = "$(TARGET_NAME)";
				SWIFT_EMIT_LOC_STRINGS = NO;
				SWIFT_VERSION = 5.0;
				TARGETED_DEVICE_FAMILY = "1,2";
				TEST_TARGET_NAME = WeatherCheckApp;
			};
			name = Debug;
		};
		9668F1D82779082D00CE6485 /* Release */ = {
			isa = XCBuildConfiguration;
			buildSettings = {
				ALWAYS_EMBED_SWIFT_STANDARD_LIBRARIES = YES;
				CODE_SIGN_STYLE = Automatic;
				CURRENT_PROJECT_VERSION = 1;
				DEVELOPMENT_TEAM = 8P8C6NP4KZ;
				GENERATE_INFOPLIST_FILE = YES;
				MARKETING_VERSION = 1.0;
				PRODUCT_BUNDLE_IDENTIFIER = io.FedericoMoretta.WeatherCheckAppUITests;
				PRODUCT_NAME = "$(TARGET_NAME)";
				SWIFT_EMIT_LOC_STRINGS = NO;
				SWIFT_VERSION = 5.0;
				TARGETED_DEVICE_FAMILY = "1,2";
				TEST_TARGET_NAME = WeatherCheckApp;
			};
			name = Release;
		};
/* End XCBuildConfiguration section */

/* Begin XCConfigurationList section */
		9668F1A72779082A00CE6485 /* Build configuration list for PBXProject "WeatherCheckApp" */ = {
			isa = XCConfigurationList;
			buildConfigurations = (
				9668F1CE2779082D00CE6485 /* Debug */,
				9668F1CF2779082D00CE6485 /* Release */,
			);
			defaultConfigurationIsVisible = 0;
			defaultConfigurationName = Release;
		};
		9668F1D02779082D00CE6485 /* Build configuration list for PBXNativeTarget "WeatherCheckApp" */ = {
			isa = XCConfigurationList;
			buildConfigurations = (
				9668F1D12779082D00CE6485 /* Debug */,
				9668F1D22779082D00CE6485 /* Release */,
			);
			defaultConfigurationIsVisible = 0;
			defaultConfigurationName = Release;
		};
		9668F1D32779082D00CE6485 /* Build configuration list for PBXNativeTarget "WeatherCheckAppTests" */ = {
			isa = XCConfigurationList;
			buildConfigurations = (
				9668F1D42779082D00CE6485 /* Debug */,
				9668F1D52779082D00CE6485 /* Release */,
			);
			defaultConfigurationIsVisible = 0;
			defaultConfigurationName = Release;
		};
		9668F1D62779082D00CE6485 /* Build configuration list for PBXNativeTarget "WeatherCheckAppUITests" */ = {
			isa = XCConfigurationList;
			buildConfigurations = (
				9668F1D72779082D00CE6485 /* Debug */,
				9668F1D82779082D00CE6485 /* Release */,
			);
			defaultConfigurationIsVisible = 0;
			defaultConfigurationName = Release;
		};
/* End XCConfigurationList section */
	};
	rootObject = 9668F1A42779082A00CE6485 /* Project object */;
}
